// !$*UTF8*$!
{
	archiveVersion = 1;
	classes = {
	};
	objectVersion = 48;
	objects = {

/* Begin PBXBuildFile section */
		380676EB1FB04BBE0037E348 /* LoginViewController.swift in Sources */ = {isa = PBXBuildFile; fileRef = 380676EA1FB04BBE0037E348 /* LoginViewController.swift */; };
		38195FE61FB7AFA40027BFD2 /* Invite.swift in Sources */ = {isa = PBXBuildFile; fileRef = 38195FE51FB7AFA40027BFD2 /* Invite.swift */; };
		381A5DCA1FB5B16700D17504 /* TabBarController.swift in Sources */ = {isa = PBXBuildFile; fileRef = 381A5DC91FB5B16700D17504 /* TabBarController.swift */; };
		384B31A61FB5163400323BA6 /* ItemsPopoverMenuTableViewController.swift in Sources */ = {isa = PBXBuildFile; fileRef = 384B31A51FB5163400323BA6 /* ItemsPopoverMenuTableViewController.swift */; };
		384B31A91FB55E1000323BA6 /* MembersTableViewController.swift in Sources */ = {isa = PBXBuildFile; fileRef = 384B31A81FB55E1000323BA6 /* MembersTableViewController.swift */; };
		384B31AB1FB5717200323BA6 /* NotesViewController.swift in Sources */ = {isa = PBXBuildFile; fileRef = 384B31AA1FB5717200323BA6 /* NotesViewController.swift */; };
		386555521FB2F51400427C57 /* AlertController+Extension.swift in Sources */ = {isa = PBXBuildFile; fileRef = 386555511FB2F51400427C57 /* AlertController+Extension.swift */; };
		386555561FB3A3FF00427C57 /* SettingsTableViewController.swift in Sources */ = {isa = PBXBuildFile; fileRef = 386555551FB3A3FF00427C57 /* SettingsTableViewController.swift */; };
		38860C921FCBFC1500DFC394 /* String+Extension.swift in Sources */ = {isa = PBXBuildFile; fileRef = 38860C911FCBFC1500DFC394 /* String+Extension.swift */; };
		3889E7521F957A9C00FB0BE7 /* AppDelegate.swift in Sources */ = {isa = PBXBuildFile; fileRef = 3889E7511F957A9C00FB0BE7 /* AppDelegate.swift */; };
		3889E7571F957A9C00FB0BE7 /* Main.storyboard in Resources */ = {isa = PBXBuildFile; fileRef = 3889E7551F957A9C00FB0BE7 /* Main.storyboard */; };
		3889E75F1F957A9C00FB0BE7 /* LaunchScreen.storyboard in Resources */ = {isa = PBXBuildFile; fileRef = 3889E75D1F957A9C00FB0BE7 /* LaunchScreen.storyboard */; };
		3889E76A1F957A9C00FB0BE7 /* SyncedListsTests.swift in Sources */ = {isa = PBXBuildFile; fileRef = 3889E7691F957A9C00FB0BE7 /* SyncedListsTests.swift */; };
		3889E7751F957A9C00FB0BE7 /* SyncedListsUITests.swift in Sources */ = {isa = PBXBuildFile; fileRef = 3889E7741F957A9C00FB0BE7 /* SyncedListsUITests.swift */; };
		3889E7891F95876F00FB0BE7 /* ItemsTableViewController.swift in Sources */ = {isa = PBXBuildFile; fileRef = 3889E7881F95876F00FB0BE7 /* ItemsTableViewController.swift */; };
		3889E78C1F95C8E400FB0BE7 /* GoogleService-Info.plist in Resources */ = {isa = PBXBuildFile; fileRef = 3889E78B1F95C86900FB0BE7 /* GoogleService-Info.plist */; };
		3889E78D1F95C8E500FB0BE7 /* GoogleService-Info.plist in Resources */ = {isa = PBXBuildFile; fileRef = 3889E78B1F95C86900FB0BE7 /* GoogleService-Info.plist */; };
		3889E78E1F95C8E600FB0BE7 /* GoogleService-Info.plist in Resources */ = {isa = PBXBuildFile; fileRef = 3889E78B1F95C86900FB0BE7 /* GoogleService-Info.plist */; };
		3889E7901F95EA1400FB0BE7 /* User.swift in Sources */ = {isa = PBXBuildFile; fileRef = 3889E78F1F95EA1400FB0BE7 /* User.swift */; };
		3889E7921F95EB3D00FB0BE7 /* Item.swift in Sources */ = {isa = PBXBuildFile; fileRef = 3889E7911F95EB3D00FB0BE7 /* Item.swift */; };
		3889E7941F988A5700FB0BE7 /* ListsTableViewController.swift in Sources */ = {isa = PBXBuildFile; fileRef = 3889E7931F988A4F00FB0BE7 /* ListsTableViewController.swift */; };
		3889E7961F988BD900FB0BE7 /* List.swift in Sources */ = {isa = PBXBuildFile; fileRef = 3889E7951F988BD900FB0BE7 /* List.swift */; };
		3891288F1FB3E08E00A1F8B0 /* Utility.swift in Sources */ = {isa = PBXBuildFile; fileRef = 3891288E1FB3E08E00A1F8B0 /* Utility.swift */; };
		38D9A1F91FB44A9D00501321 /* Assets.xcassets in Resources */ = {isa = PBXBuildFile; fileRef = 38D9A1F81FB44A9D00501321 /* Assets.xcassets */; };
		38D9A1FE1FB45C0400501321 /* InvitesTableViewController.swift in Sources */ = {isa = PBXBuildFile; fileRef = 38D9A1FD1FB45C0400501321 /* InvitesTableViewController.swift */; };
		38F746251FBC535600E3BE99 /* AboutUsViewController.swift in Sources */ = {isa = PBXBuildFile; fileRef = 38F746241FBC535600E3BE99 /* AboutUsViewController.swift */; };
		698A46BBA7AEF9D1E4C0EACB /* Pods_SyncedListsUITests.framework in Frameworks */ = {isa = PBXBuildFile; fileRef = F40D072F501D656763AEAEFC /* Pods_SyncedListsUITests.framework */; };
		A26DB61291A7B82C67EAF87F /* Pods_SyncedListsTests.framework in Frameworks */ = {isa = PBXBuildFile; fileRef = 8BF9DF9EEAE0E7124C3CFDFA /* Pods_SyncedListsTests.framework */; };
		B887328AF551F7658BB426A1 /* Pods_SyncedLists.framework in Frameworks */ = {isa = PBXBuildFile; fileRef = 5F64E589543DA056D03667A4 /* Pods_SyncedLists.framework */; };
/* End PBXBuildFile section */

/* Begin PBXContainerItemProxy section */
		3889E7661F957A9C00FB0BE7 /* PBXContainerItemProxy */ = {
			isa = PBXContainerItemProxy;
			containerPortal = 3889E7461F957A9C00FB0BE7 /* Project object */;
			proxyType = 1;
			remoteGlobalIDString = 3889E74D1F957A9C00FB0BE7;
			remoteInfo = SyncedLists;
		};
		3889E7711F957A9C00FB0BE7 /* PBXContainerItemProxy */ = {
			isa = PBXContainerItemProxy;
			containerPortal = 3889E7461F957A9C00FB0BE7 /* Project object */;
			proxyType = 1;
			remoteGlobalIDString = 3889E74D1F957A9C00FB0BE7;
			remoteInfo = SyncedLists;
		};
/* End PBXContainerItemProxy section */

/* Begin PBXFileReference section */
		02F428BE4781EB9FB3831797 /* Pods-SyncedLists.debug.xcconfig */ = {isa = PBXFileReference; includeInIndex = 1; lastKnownFileType = text.xcconfig; name = "Pods-SyncedLists.debug.xcconfig"; path = "Pods/Target Support Files/Pods-SyncedLists/Pods-SyncedLists.debug.xcconfig"; sourceTree = "<group>"; };
		23620DF085DFA26351F4B182 /* Pods-SyncedListsTests.debug.xcconfig */ = {isa = PBXFileReference; includeInIndex = 1; lastKnownFileType = text.xcconfig; name = "Pods-SyncedListsTests.debug.xcconfig"; path = "Pods/Target Support Files/Pods-SyncedListsTests/Pods-SyncedListsTests.debug.xcconfig"; sourceTree = "<group>"; };
		380676EA1FB04BBE0037E348 /* LoginViewController.swift */ = {isa = PBXFileReference; lastKnownFileType = sourcecode.swift; path = LoginViewController.swift; sourceTree = "<group>"; };
		38195FE51FB7AFA40027BFD2 /* Invite.swift */ = {isa = PBXFileReference; lastKnownFileType = sourcecode.swift; path = Invite.swift; sourceTree = "<group>"; };
		381A5DC91FB5B16700D17504 /* TabBarController.swift */ = {isa = PBXFileReference; lastKnownFileType = sourcecode.swift; path = TabBarController.swift; sourceTree = "<group>"; };
		384B31A51FB5163400323BA6 /* ItemsPopoverMenuTableViewController.swift */ = {isa = PBXFileReference; lastKnownFileType = sourcecode.swift; path = ItemsPopoverMenuTableViewController.swift; sourceTree = "<group>"; };
		384B31A81FB55E1000323BA6 /* MembersTableViewController.swift */ = {isa = PBXFileReference; lastKnownFileType = sourcecode.swift; path = MembersTableViewController.swift; sourceTree = "<group>"; };
		384B31AA1FB5717200323BA6 /* NotesViewController.swift */ = {isa = PBXFileReference; lastKnownFileType = sourcecode.swift; path = NotesViewController.swift; sourceTree = "<group>"; };
		385A2CC01FB1A1D10075178C /* SyncedLists.entitlements */ = {isa = PBXFileReference; lastKnownFileType = text.plist.entitlements; path = SyncedLists.entitlements; sourceTree = "<group>"; };
		386555511FB2F51400427C57 /* AlertController+Extension.swift */ = {isa = PBXFileReference; lastKnownFileType = sourcecode.swift; path = "AlertController+Extension.swift"; sourceTree = "<group>"; };
		386555551FB3A3FF00427C57 /* SettingsTableViewController.swift */ = {isa = PBXFileReference; lastKnownFileType = sourcecode.swift; path = SettingsTableViewController.swift; sourceTree = "<group>"; };
		38860C911FCBFC1500DFC394 /* String+Extension.swift */ = {isa = PBXFileReference; lastKnownFileType = sourcecode.swift; path = "String+Extension.swift"; sourceTree = "<group>"; };
		3889E74E1F957A9C00FB0BE7 /* SyncedLists.app */ = {isa = PBXFileReference; explicitFileType = wrapper.application; includeInIndex = 0; path = SyncedLists.app; sourceTree = BUILT_PRODUCTS_DIR; };
		3889E7511F957A9C00FB0BE7 /* AppDelegate.swift */ = {isa = PBXFileReference; lastKnownFileType = sourcecode.swift; path = AppDelegate.swift; sourceTree = "<group>"; };
		3889E7561F957A9C00FB0BE7 /* Base */ = {isa = PBXFileReference; lastKnownFileType = file.storyboard; name = Base; path = Base.lproj/Main.storyboard; sourceTree = "<group>"; };
		3889E75E1F957A9C00FB0BE7 /* Base */ = {isa = PBXFileReference; lastKnownFileType = file.storyboard; name = Base; path = Base.lproj/LaunchScreen.storyboard; sourceTree = "<group>"; };
		3889E7601F957A9C00FB0BE7 /* Info.plist */ = {isa = PBXFileReference; lastKnownFileType = text.plist.xml; path = Info.plist; sourceTree = "<group>"; };
		3889E7651F957A9C00FB0BE7 /* SyncedListsTests.xctest */ = {isa = PBXFileReference; explicitFileType = wrapper.cfbundle; includeInIndex = 0; path = SyncedListsTests.xctest; sourceTree = BUILT_PRODUCTS_DIR; };
		3889E7691F957A9C00FB0BE7 /* SyncedListsTests.swift */ = {isa = PBXFileReference; lastKnownFileType = sourcecode.swift; path = SyncedListsTests.swift; sourceTree = "<group>"; };
		3889E76B1F957A9C00FB0BE7 /* Info.plist */ = {isa = PBXFileReference; lastKnownFileType = text.plist.xml; path = Info.plist; sourceTree = "<group>"; };
		3889E7701F957A9C00FB0BE7 /* SyncedListsUITests.xctest */ = {isa = PBXFileReference; explicitFileType = wrapper.cfbundle; includeInIndex = 0; path = SyncedListsUITests.xctest; sourceTree = BUILT_PRODUCTS_DIR; };
		3889E7741F957A9C00FB0BE7 /* SyncedListsUITests.swift */ = {isa = PBXFileReference; lastKnownFileType = sourcecode.swift; path = SyncedListsUITests.swift; sourceTree = "<group>"; };
		3889E7761F957A9C00FB0BE7 /* Info.plist */ = {isa = PBXFileReference; lastKnownFileType = text.plist.xml; path = Info.plist; sourceTree = "<group>"; };
		3889E7881F95876F00FB0BE7 /* ItemsTableViewController.swift */ = {isa = PBXFileReference; lastKnownFileType = sourcecode.swift; path = ItemsTableViewController.swift; sourceTree = "<group>"; };
		3889E78A1F9597D000FB0BE7 /* SyncedLists-Bridging-Header.h */ = {isa = PBXFileReference; lastKnownFileType = sourcecode.c.h; path = "SyncedLists-Bridging-Header.h"; sourceTree = "<group>"; };
		3889E78B1F95C86900FB0BE7 /* GoogleService-Info.plist */ = {isa = PBXFileReference; lastKnownFileType = text.plist.xml; path = "GoogleService-Info.plist"; sourceTree = "<group>"; };
		3889E78F1F95EA1400FB0BE7 /* User.swift */ = {isa = PBXFileReference; lastKnownFileType = sourcecode.swift; path = User.swift; sourceTree = "<group>"; };
		3889E7911F95EB3D00FB0BE7 /* Item.swift */ = {isa = PBXFileReference; lastKnownFileType = sourcecode.swift; path = Item.swift; sourceTree = "<group>"; };
		3889E7931F988A4F00FB0BE7 /* ListsTableViewController.swift */ = {isa = PBXFileReference; lastKnownFileType = sourcecode.swift; path = ListsTableViewController.swift; sourceTree = "<group>"; };
		3889E7951F988BD900FB0BE7 /* List.swift */ = {isa = PBXFileReference; lastKnownFileType = sourcecode.swift; path = List.swift; sourceTree = "<group>"; };
		3891288E1FB3E08E00A1F8B0 /* Utility.swift */ = {isa = PBXFileReference; lastKnownFileType = sourcecode.swift; path = Utility.swift; sourceTree = "<group>"; };
		38D9A1F81FB44A9D00501321 /* Assets.xcassets */ = {isa = PBXFileReference; lastKnownFileType = folder.assetcatalog; path = Assets.xcassets; sourceTree = "<group>"; };
		38D9A1FD1FB45C0400501321 /* InvitesTableViewController.swift */ = {isa = PBXFileReference; lastKnownFileType = sourcecode.swift; path = InvitesTableViewController.swift; sourceTree = "<group>"; };
		38F746241FBC535600E3BE99 /* AboutUsViewController.swift */ = {isa = PBXFileReference; lastKnownFileType = sourcecode.swift; path = AboutUsViewController.swift; sourceTree = "<group>"; };
		3B9ED14D569637D68FA7B18A /* Pods-SyncedLists.release.xcconfig */ = {isa = PBXFileReference; includeInIndex = 1; lastKnownFileType = text.xcconfig; name = "Pods-SyncedLists.release.xcconfig"; path = "Pods/Target Support Files/Pods-SyncedLists/Pods-SyncedLists.release.xcconfig"; sourceTree = "<group>"; };
		5597E6A1387356E387124941 /* Pods-SyncedListsUITests.debug.xcconfig */ = {isa = PBXFileReference; includeInIndex = 1; lastKnownFileType = text.xcconfig; name = "Pods-SyncedListsUITests.debug.xcconfig"; path = "Pods/Target Support Files/Pods-SyncedListsUITests/Pods-SyncedListsUITests.debug.xcconfig"; sourceTree = "<group>"; };
		5F64E589543DA056D03667A4 /* Pods_SyncedLists.framework */ = {isa = PBXFileReference; explicitFileType = wrapper.framework; includeInIndex = 0; path = Pods_SyncedLists.framework; sourceTree = BUILT_PRODUCTS_DIR; };
		8BF9DF9EEAE0E7124C3CFDFA /* Pods_SyncedListsTests.framework */ = {isa = PBXFileReference; explicitFileType = wrapper.framework; includeInIndex = 0; path = Pods_SyncedListsTests.framework; sourceTree = BUILT_PRODUCTS_DIR; };
		BB22A6B4DD655134C0FD20AB /* Pods-SyncedListsUITests.release.xcconfig */ = {isa = PBXFileReference; includeInIndex = 1; lastKnownFileType = text.xcconfig; name = "Pods-SyncedListsUITests.release.xcconfig"; path = "Pods/Target Support Files/Pods-SyncedListsUITests/Pods-SyncedListsUITests.release.xcconfig"; sourceTree = "<group>"; };
		E11332E264FF6D4B6C090B6E /* Pods-SyncedListsTests.release.xcconfig */ = {isa = PBXFileReference; includeInIndex = 1; lastKnownFileType = text.xcconfig; name = "Pods-SyncedListsTests.release.xcconfig"; path = "Pods/Target Support Files/Pods-SyncedListsTests/Pods-SyncedListsTests.release.xcconfig"; sourceTree = "<group>"; };
		F40D072F501D656763AEAEFC /* Pods_SyncedListsUITests.framework */ = {isa = PBXFileReference; explicitFileType = wrapper.framework; includeInIndex = 0; path = Pods_SyncedListsUITests.framework; sourceTree = BUILT_PRODUCTS_DIR; };
/* End PBXFileReference section */

/* Begin PBXFrameworksBuildPhase section */
		3889E74B1F957A9C00FB0BE7 /* Frameworks */ = {
			isa = PBXFrameworksBuildPhase;
			buildActionMask = 2147483647;
			files = (
				B887328AF551F7658BB426A1 /* Pods_SyncedLists.framework in Frameworks */,
			);
			runOnlyForDeploymentPostprocessing = 0;
		};
		3889E7621F957A9C00FB0BE7 /* Frameworks */ = {
			isa = PBXFrameworksBuildPhase;
			buildActionMask = 2147483647;
			files = (
				A26DB61291A7B82C67EAF87F /* Pods_SyncedListsTests.framework in Frameworks */,
			);
			runOnlyForDeploymentPostprocessing = 0;
		};
		3889E76D1F957A9C00FB0BE7 /* Frameworks */ = {
			isa = PBXFrameworksBuildPhase;
			buildActionMask = 2147483647;
			files = (
				698A46BBA7AEF9D1E4C0EACB /* Pods_SyncedListsUITests.framework in Frameworks */,
			);
			runOnlyForDeploymentPostprocessing = 0;
		};
/* End PBXFrameworksBuildPhase section */

/* Begin PBXGroup section */
		04096DE0E0B246B40A30902E /* Pods */ = {
			isa = PBXGroup;
			children = (
				02F428BE4781EB9FB3831797 /* Pods-SyncedLists.debug.xcconfig */,
				3B9ED14D569637D68FA7B18A /* Pods-SyncedLists.release.xcconfig */,
				23620DF085DFA26351F4B182 /* Pods-SyncedListsTests.debug.xcconfig */,
				E11332E264FF6D4B6C090B6E /* Pods-SyncedListsTests.release.xcconfig */,
				5597E6A1387356E387124941 /* Pods-SyncedListsUITests.debug.xcconfig */,
				BB22A6B4DD655134C0FD20AB /* Pods-SyncedListsUITests.release.xcconfig */,
			);
			name = Pods;
			sourceTree = "<group>";
		};
		384B31A71FB55DE400323BA6 /* Lists Child View Controllers */ = {
			isa = PBXGroup;
			children = (
				3889E7881F95876F00FB0BE7 /* ItemsTableViewController.swift */,
				384B31A51FB5163400323BA6 /* ItemsPopoverMenuTableViewController.swift */,
				384B31A81FB55E1000323BA6 /* MembersTableViewController.swift */,
				384B31AA1FB5717200323BA6 /* NotesViewController.swift */,
			);
			path = "Lists Child View Controllers";
			sourceTree = "<group>";
		};
		3889E7451F957A9C00FB0BE7 = {
			isa = PBXGroup;
			children = (
				3889E7501F957A9C00FB0BE7 /* SyncedLists */,
				3889E7681F957A9C00FB0BE7 /* SyncedListsTests */,
				3889E7731F957A9C00FB0BE7 /* SyncedListsUITests */,
				3889E74F1F957A9C00FB0BE7 /* Products */,
				04096DE0E0B246B40A30902E /* Pods */,
				807849CCD089D053E74C500A /* Frameworks */,
			);
			sourceTree = "<group>";
		};
		3889E74F1F957A9C00FB0BE7 /* Products */ = {
			isa = PBXGroup;
			children = (
				3889E74E1F957A9C00FB0BE7 /* SyncedLists.app */,
				3889E7651F957A9C00FB0BE7 /* SyncedListsTests.xctest */,
				3889E7701F957A9C00FB0BE7 /* SyncedListsUITests.xctest */,
			);
			name = Products;
			sourceTree = "<group>";
		};
		3889E7501F957A9C00FB0BE7 /* SyncedLists */ = {
			isa = PBXGroup;
			children = (
				385A2CC01FB1A1D10075178C /* SyncedLists.entitlements */,
				3889E7871F957F5C00FB0BE7 /* Model */,
				3889E7861F957F5500FB0BE7 /* View Controllers */,
				3889E7851F957F4B00FB0BE7 /* Swift Files */,
				3889E7841F957F4100FB0BE7 /* Storyboards */,
				3889E7831F957F3200FB0BE7 /* Supporting Files */,
			);
			path = SyncedLists;
			sourceTree = "<group>";
		};
		3889E7681F957A9C00FB0BE7 /* SyncedListsTests */ = {
			isa = PBXGroup;
			children = (
				3889E7691F957A9C00FB0BE7 /* SyncedListsTests.swift */,
				3889E76B1F957A9C00FB0BE7 /* Info.plist */,
			);
			path = SyncedListsTests;
			sourceTree = "<group>";
		};
		3889E7731F957A9C00FB0BE7 /* SyncedListsUITests */ = {
			isa = PBXGroup;
			children = (
				3889E7741F957A9C00FB0BE7 /* SyncedListsUITests.swift */,
				3889E7761F957A9C00FB0BE7 /* Info.plist */,
			);
			path = SyncedListsUITests;
			sourceTree = "<group>";
		};
		3889E7831F957F3200FB0BE7 /* Supporting Files */ = {
			isa = PBXGroup;
			children = (
				38D9A1F81FB44A9D00501321 /* Assets.xcassets */,
				3889E78B1F95C86900FB0BE7 /* GoogleService-Info.plist */,
				3889E7601F957A9C00FB0BE7 /* Info.plist */,
			);
			path = "Supporting Files";
			sourceTree = "<group>";
		};
		3889E7841F957F4100FB0BE7 /* Storyboards */ = {
			isa = PBXGroup;
			children = (
				3889E7551F957A9C00FB0BE7 /* Main.storyboard */,
				3889E75D1F957A9C00FB0BE7 /* LaunchScreen.storyboard */,
			);
			path = Storyboards;
			sourceTree = "<group>";
		};
		3889E7851F957F4B00FB0BE7 /* Swift Files */ = {
			isa = PBXGroup;
			children = (
				3889E7511F957A9C00FB0BE7 /* AppDelegate.swift */,
				386555511FB2F51400427C57 /* AlertController+Extension.swift */,
				38860C911FCBFC1500DFC394 /* String+Extension.swift */,
				3889E78A1F9597D000FB0BE7 /* SyncedLists-Bridging-Header.h */,
				3891288E1FB3E08E00A1F8B0 /* Utility.swift */,
			);
			path = "Swift Files";
			sourceTree = "<group>";
		};
		3889E7861F957F5500FB0BE7 /* View Controllers */ = {
			isa = PBXGroup;
			children = (
				380676EA1FB04BBE0037E348 /* LoginViewController.swift */,
				381A5DC91FB5B16700D17504 /* TabBarController.swift */,
				3889E7931F988A4F00FB0BE7 /* ListsTableViewController.swift */,
				384B31A71FB55DE400323BA6 /* Lists Child View Controllers */,
				38D9A1FD1FB45C0400501321 /* InvitesTableViewController.swift */,
				386555551FB3A3FF00427C57 /* SettingsTableViewController.swift */,
				38F746241FBC535600E3BE99 /* AboutUsViewController.swift */,
			);
			path = "View Controllers";
			sourceTree = "<group>";
		};
		3889E7871F957F5C00FB0BE7 /* Model */ = {
			isa = PBXGroup;
			children = (
				3889E78F1F95EA1400FB0BE7 /* User.swift */,
				3889E7951F988BD900FB0BE7 /* List.swift */,
				3889E7911F95EB3D00FB0BE7 /* Item.swift */,
				38195FE51FB7AFA40027BFD2 /* Invite.swift */,
			);
			path = Model;
			sourceTree = "<group>";
		};
		807849CCD089D053E74C500A /* Frameworks */ = {
			isa = PBXGroup;
			children = (
				5F64E589543DA056D03667A4 /* Pods_SyncedLists.framework */,
				8BF9DF9EEAE0E7124C3CFDFA /* Pods_SyncedListsTests.framework */,
				F40D072F501D656763AEAEFC /* Pods_SyncedListsUITests.framework */,
			);
			name = Frameworks;
			sourceTree = "<group>";
		};
/* End PBXGroup section */

/* Begin PBXNativeTarget section */
		3889E74D1F957A9C00FB0BE7 /* SyncedLists */ = {
			isa = PBXNativeTarget;
			buildConfigurationList = 3889E7791F957A9C00FB0BE7 /* Build configuration list for PBXNativeTarget "SyncedLists" */;
			buildPhases = (
				1F6B98A870EFDA7CA1BF410D /* [CP] Check Pods Manifest.lock */,
				3889E74A1F957A9C00FB0BE7 /* Sources */,
				3889E74B1F957A9C00FB0BE7 /* Frameworks */,
				3889E74C1F957A9C00FB0BE7 /* Resources */,
				0297F2421423DF0E61DC21BC /* [CP] Embed Pods Frameworks */,
				E98F8A0F60621320E81E2CAD /* [CP] Copy Pods Resources */,
			);
			buildRules = (
			);
			dependencies = (
			);
			name = SyncedLists;
			productName = SyncedLists;
			productReference = 3889E74E1F957A9C00FB0BE7 /* SyncedLists.app */;
			productType = "com.apple.product-type.application";
		};
		3889E7641F957A9C00FB0BE7 /* SyncedListsTests */ = {
			isa = PBXNativeTarget;
			buildConfigurationList = 3889E77C1F957A9C00FB0BE7 /* Build configuration list for PBXNativeTarget "SyncedListsTests" */;
			buildPhases = (
				6AEA2DCAF72BFC2AF1173F4C /* [CP] Check Pods Manifest.lock */,
				3889E7611F957A9C00FB0BE7 /* Sources */,
				3889E7621F957A9C00FB0BE7 /* Frameworks */,
				3889E7631F957A9C00FB0BE7 /* Resources */,
				994647A33227BE747CC2633F /* [CP] Embed Pods Frameworks */,
				91D991C84153268A75EEA6E5 /* [CP] Copy Pods Resources */,
			);
			buildRules = (
			);
			dependencies = (
				3889E7671F957A9C00FB0BE7 /* PBXTargetDependency */,
			);
			name = SyncedListsTests;
			productName = SyncedListsTests;
			productReference = 3889E7651F957A9C00FB0BE7 /* SyncedListsTests.xctest */;
			productType = "com.apple.product-type.bundle.unit-test";
		};
		3889E76F1F957A9C00FB0BE7 /* SyncedListsUITests */ = {
			isa = PBXNativeTarget;
			buildConfigurationList = 3889E77F1F957A9C00FB0BE7 /* Build configuration list for PBXNativeTarget "SyncedListsUITests" */;
			buildPhases = (
				5207B02CB5FA119A2E5AB483 /* [CP] Check Pods Manifest.lock */,
				3889E76C1F957A9C00FB0BE7 /* Sources */,
				3889E76D1F957A9C00FB0BE7 /* Frameworks */,
				3889E76E1F957A9C00FB0BE7 /* Resources */,
				D97CF92C165A1481921ACFDA /* [CP] Embed Pods Frameworks */,
				A64E45E2394982D7A3EC0013 /* [CP] Copy Pods Resources */,
			);
			buildRules = (
			);
			dependencies = (
				3889E7721F957A9C00FB0BE7 /* PBXTargetDependency */,
			);
			name = SyncedListsUITests;
			productName = SyncedListsUITests;
			productReference = 3889E7701F957A9C00FB0BE7 /* SyncedListsUITests.xctest */;
			productType = "com.apple.product-type.bundle.ui-testing";
		};
/* End PBXNativeTarget section */

/* Begin PBXProject section */
		3889E7461F957A9C00FB0BE7 /* Project object */ = {
			isa = PBXProject;
			attributes = {
				LastSwiftUpdateCheck = 0900;
				LastUpgradeCheck = 0900;
				ORGANIZATIONNAME = "Kevin Largo";
				TargetAttributes = {
					3889E74D1F957A9C00FB0BE7 = {
						CreatedOnToolsVersion = 9.0;
						ProvisioningStyle = Automatic;
						SystemCapabilities = {
							com.apple.Keychain = {
								enabled = 1;
							};
						};
					};
					3889E7641F957A9C00FB0BE7 = {
						CreatedOnToolsVersion = 9.0;
						ProvisioningStyle = Automatic;
						TestTargetID = 3889E74D1F957A9C00FB0BE7;
					};
					3889E76F1F957A9C00FB0BE7 = {
						CreatedOnToolsVersion = 9.0;
						ProvisioningStyle = Automatic;
						TestTargetID = 3889E74D1F957A9C00FB0BE7;
					};
				};
			};
			buildConfigurationList = 3889E7491F957A9C00FB0BE7 /* Build configuration list for PBXProject "SyncedLists" */;
			compatibilityVersion = "Xcode 8.0";
			developmentRegion = en;
			hasScannedForEncodings = 0;
			knownRegions = (
				en,
				Base,
			);
			mainGroup = 3889E7451F957A9C00FB0BE7;
			productRefGroup = 3889E74F1F957A9C00FB0BE7 /* Products */;
			projectDirPath = "";
			projectRoot = "";
			targets = (
				3889E74D1F957A9C00FB0BE7 /* SyncedLists */,
				3889E7641F957A9C00FB0BE7 /* SyncedListsTests */,
				3889E76F1F957A9C00FB0BE7 /* SyncedListsUITests */,
			);
		};
/* End PBXProject section */

/* Begin PBXResourcesBuildPhase section */
		3889E74C1F957A9C00FB0BE7 /* Resources */ = {
			isa = PBXResourcesBuildPhase;
			buildActionMask = 2147483647;
			files = (
				3889E75F1F957A9C00FB0BE7 /* LaunchScreen.storyboard in Resources */,
				3889E78C1F95C8E400FB0BE7 /* GoogleService-Info.plist in Resources */,
				38D9A1F91FB44A9D00501321 /* Assets.xcassets in Resources */,
				3889E7571F957A9C00FB0BE7 /* Main.storyboard in Resources */,
			);
			runOnlyForDeploymentPostprocessing = 0;
		};
		3889E7631F957A9C00FB0BE7 /* Resources */ = {
			isa = PBXResourcesBuildPhase;
			buildActionMask = 2147483647;
			files = (
				3889E78D1F95C8E500FB0BE7 /* GoogleService-Info.plist in Resources */,
			);
			runOnlyForDeploymentPostprocessing = 0;
		};
		3889E76E1F957A9C00FB0BE7 /* Resources */ = {
			isa = PBXResourcesBuildPhase;
			buildActionMask = 2147483647;
			files = (
				3889E78E1F95C8E600FB0BE7 /* GoogleService-Info.plist in Resources */,
			);
			runOnlyForDeploymentPostprocessing = 0;
		};
/* End PBXResourcesBuildPhase section */

/* Begin PBXShellScriptBuildPhase section */
		0297F2421423DF0E61DC21BC /* [CP] Embed Pods Frameworks */ = {
			isa = PBXShellScriptBuildPhase;
			buildActionMask = 2147483647;
			files = (
			);
			inputPaths = (
				"${SRCROOT}/Pods/Target Support Files/Pods-SyncedLists/Pods-SyncedLists-frameworks.sh",
				"${BUILT_PRODUCTS_DIR}/GTMSessionFetcher/GTMSessionFetcher.framework",
				"${BUILT_PRODUCTS_DIR}/GoogleToolboxForMac/GoogleToolboxForMac.framework",
				"${BUILT_PRODUCTS_DIR}/leveldb-library/leveldb.framework",
				"${BUILT_PRODUCTS_DIR}/nanopb/nanopb.framework",
			);
			name = "[CP] Embed Pods Frameworks";
			outputPaths = (
				"${TARGET_BUILD_DIR}/${FRAMEWORKS_FOLDER_PATH}/GTMSessionFetcher.framework",
				"${TARGET_BUILD_DIR}/${FRAMEWORKS_FOLDER_PATH}/GoogleToolboxForMac.framework",
				"${TARGET_BUILD_DIR}/${FRAMEWORKS_FOLDER_PATH}/leveldb.framework",
				"${TARGET_BUILD_DIR}/${FRAMEWORKS_FOLDER_PATH}/nanopb.framework",
			);
			runOnlyForDeploymentPostprocessing = 0;
			shellPath = /bin/sh;
			shellScript = "\"${SRCROOT}/Pods/Target Support Files/Pods-SyncedLists/Pods-SyncedLists-frameworks.sh\"\n";
			showEnvVarsInLog = 0;
		};
		1F6B98A870EFDA7CA1BF410D /* [CP] Check Pods Manifest.lock */ = {
			isa = PBXShellScriptBuildPhase;
			buildActionMask = 2147483647;
			files = (
			);
			inputPaths = (
				"${PODS_PODFILE_DIR_PATH}/Podfile.lock",
				"${PODS_ROOT}/Manifest.lock",
			);
			name = "[CP] Check Pods Manifest.lock";
			outputPaths = (
				"$(DERIVED_FILE_DIR)/Pods-SyncedLists-checkManifestLockResult.txt",
			);
			runOnlyForDeploymentPostprocessing = 0;
			shellPath = /bin/sh;
			shellScript = "diff \"${PODS_PODFILE_DIR_PATH}/Podfile.lock\" \"${PODS_ROOT}/Manifest.lock\" > /dev/null\nif [ $? != 0 ] ; then\n    # print error to STDERR\n    echo \"error: The sandbox is not in sync with the Podfile.lock. Run 'pod install' or update your CocoaPods installation.\" >&2\n    exit 1\nfi\n# This output is used by Xcode 'outputs' to avoid re-running this script phase.\necho \"SUCCESS\" > \"${SCRIPT_OUTPUT_FILE_0}\"\n";
			showEnvVarsInLog = 0;
		};
		5207B02CB5FA119A2E5AB483 /* [CP] Check Pods Manifest.lock */ = {
			isa = PBXShellScriptBuildPhase;
			buildActionMask = 2147483647;
			files = (
			);
			inputPaths = (
				"${PODS_PODFILE_DIR_PATH}/Podfile.lock",
				"${PODS_ROOT}/Manifest.lock",
			);
			name = "[CP] Check Pods Manifest.lock";
			outputPaths = (
				"$(DERIVED_FILE_DIR)/Pods-SyncedListsUITests-checkManifestLockResult.txt",
			);
			runOnlyForDeploymentPostprocessing = 0;
			shellPath = /bin/sh;
			shellScript = "diff \"${PODS_PODFILE_DIR_PATH}/Podfile.lock\" \"${PODS_ROOT}/Manifest.lock\" > /dev/null\nif [ $? != 0 ] ; then\n    # print error to STDERR\n    echo \"error: The sandbox is not in sync with the Podfile.lock. Run 'pod install' or update your CocoaPods installation.\" >&2\n    exit 1\nfi\n# This output is used by Xcode 'outputs' to avoid re-running this script phase.\necho \"SUCCESS\" > \"${SCRIPT_OUTPUT_FILE_0}\"\n";
			showEnvVarsInLog = 0;
		};
		6AEA2DCAF72BFC2AF1173F4C /* [CP] Check Pods Manifest.lock */ = {
			isa = PBXShellScriptBuildPhase;
			buildActionMask = 2147483647;
			files = (
			);
			inputPaths = (
				"${PODS_PODFILE_DIR_PATH}/Podfile.lock",
				"${PODS_ROOT}/Manifest.lock",
			);
			name = "[CP] Check Pods Manifest.lock";
			outputPaths = (
				"$(DERIVED_FILE_DIR)/Pods-SyncedListsTests-checkManifestLockResult.txt",
			);
			runOnlyForDeploymentPostprocessing = 0;
			shellPath = /bin/sh;
			shellScript = "diff \"${PODS_PODFILE_DIR_PATH}/Podfile.lock\" \"${PODS_ROOT}/Manifest.lock\" > /dev/null\nif [ $? != 0 ] ; then\n    # print error to STDERR\n    echo \"error: The sandbox is not in sync with the Podfile.lock. Run 'pod install' or update your CocoaPods installation.\" >&2\n    exit 1\nfi\n# This output is used by Xcode 'outputs' to avoid re-running this script phase.\necho \"SUCCESS\" > \"${SCRIPT_OUTPUT_FILE_0}\"\n";
			showEnvVarsInLog = 0;
		};
		91D991C84153268A75EEA6E5 /* [CP] Copy Pods Resources */ = {
			isa = PBXShellScriptBuildPhase;
			buildActionMask = 2147483647;
			files = (
			);
			inputPaths = (
			);
			name = "[CP] Copy Pods Resources";
			outputPaths = (
			);
			runOnlyForDeploymentPostprocessing = 0;
			shellPath = /bin/sh;
			shellScript = "\"${SRCROOT}/Pods/Target Support Files/Pods-SyncedListsTests/Pods-SyncedListsTests-resources.sh\"\n";
			showEnvVarsInLog = 0;
		};
		994647A33227BE747CC2633F /* [CP] Embed Pods Frameworks */ = {
			isa = PBXShellScriptBuildPhase;
			buildActionMask = 2147483647;
			files = (
			);
			inputPaths = (
			);
			name = "[CP] Embed Pods Frameworks";
			outputPaths = (
			);
			runOnlyForDeploymentPostprocessing = 0;
			shellPath = /bin/sh;
			shellScript = "\"${SRCROOT}/Pods/Target Support Files/Pods-SyncedListsTests/Pods-SyncedListsTests-frameworks.sh\"\n";
			showEnvVarsInLog = 0;
		};
		A64E45E2394982D7A3EC0013 /* [CP] Copy Pods Resources */ = {
			isa = PBXShellScriptBuildPhase;
			buildActionMask = 2147483647;
			files = (
			);
			inputPaths = (
			);
			name = "[CP] Copy Pods Resources";
			outputPaths = (
			);
			runOnlyForDeploymentPostprocessing = 0;
			shellPath = /bin/sh;
			shellScript = "\"${SRCROOT}/Pods/Target Support Files/Pods-SyncedListsUITests/Pods-SyncedListsUITests-resources.sh\"\n";
			showEnvVarsInLog = 0;
		};
		D97CF92C165A1481921ACFDA /* [CP] Embed Pods Frameworks */ = {
			isa = PBXShellScriptBuildPhase;
			buildActionMask = 2147483647;
			files = (
			);
			inputPaths = (
			);
			name = "[CP] Embed Pods Frameworks";
			outputPaths = (
			);
			runOnlyForDeploymentPostprocessing = 0;
			shellPath = /bin/sh;
			shellScript = "\"${SRCROOT}/Pods/Target Support Files/Pods-SyncedListsUITests/Pods-SyncedListsUITests-frameworks.sh\"\n";
			showEnvVarsInLog = 0;
		};
		E98F8A0F60621320E81E2CAD /* [CP] Copy Pods Resources */ = {
			isa = PBXShellScriptBuildPhase;
			buildActionMask = 2147483647;
			files = (
			);
			inputPaths = (
			);
			name = "[CP] Copy Pods Resources";
			outputPaths = (
			);
			runOnlyForDeploymentPostprocessing = 0;
			shellPath = /bin/sh;
			shellScript = "\"${SRCROOT}/Pods/Target Support Files/Pods-SyncedLists/Pods-SyncedLists-resources.sh\"\n";
			showEnvVarsInLog = 0;
		};
/* End PBXShellScriptBuildPhase section */

/* Begin PBXSourcesBuildPhase section */
		3889E74A1F957A9C00FB0BE7 /* Sources */ = {
			isa = PBXSourcesBuildPhase;
			buildActionMask = 2147483647;
			files = (
				38D9A1FE1FB45C0400501321 /* InvitesTableViewController.swift in Sources */,
				380676EB1FB04BBE0037E348 /* LoginViewController.swift in Sources */,
				384B31A61FB5163400323BA6 /* ItemsPopoverMenuTableViewController.swift in Sources */,
				381A5DCA1FB5B16700D17504 /* TabBarController.swift in Sources */,
				3889E7921F95EB3D00FB0BE7 /* Item.swift in Sources */,
				3889E7901F95EA1400FB0BE7 /* User.swift in Sources */,
				38195FE61FB7AFA40027BFD2 /* Invite.swift in Sources */,
				3891288F1FB3E08E00A1F8B0 /* Utility.swift in Sources */,
				3889E7941F988A5700FB0BE7 /* ListsTableViewController.swift in Sources */,
				3889E7891F95876F00FB0BE7 /* ItemsTableViewController.swift in Sources */,
				38860C921FCBFC1500DFC394 /* String+Extension.swift in Sources */,
				386555561FB3A3FF00427C57 /* SettingsTableViewController.swift in Sources */,
				384B31A91FB55E1000323BA6 /* MembersTableViewController.swift in Sources */,
				38F746251FBC535600E3BE99 /* AboutUsViewController.swift in Sources */,
				3889E7961F988BD900FB0BE7 /* List.swift in Sources */,
				386555521FB2F51400427C57 /* AlertController+Extension.swift in Sources */,
				384B31AB1FB5717200323BA6 /* NotesViewController.swift in Sources */,
				3889E7521F957A9C00FB0BE7 /* AppDelegate.swift in Sources */,
			);
			runOnlyForDeploymentPostprocessing = 0;
		};
		3889E7611F957A9C00FB0BE7 /* Sources */ = {
			isa = PBXSourcesBuildPhase;
			buildActionMask = 2147483647;
			files = (
				3889E76A1F957A9C00FB0BE7 /* SyncedListsTests.swift in Sources */,
			);
			runOnlyForDeploymentPostprocessing = 0;
		};
		3889E76C1F957A9C00FB0BE7 /* Sources */ = {
			isa = PBXSourcesBuildPhase;
			buildActionMask = 2147483647;
			files = (
				3889E7751F957A9C00FB0BE7 /* SyncedListsUITests.swift in Sources */,
			);
			runOnlyForDeploymentPostprocessing = 0;
		};
/* End PBXSourcesBuildPhase section */

/* Begin PBXTargetDependency section */
		3889E7671F957A9C00FB0BE7 /* PBXTargetDependency */ = {
			isa = PBXTargetDependency;
			target = 3889E74D1F957A9C00FB0BE7 /* SyncedLists */;
			targetProxy = 3889E7661F957A9C00FB0BE7 /* PBXContainerItemProxy */;
		};
		3889E7721F957A9C00FB0BE7 /* PBXTargetDependency */ = {
			isa = PBXTargetDependency;
			target = 3889E74D1F957A9C00FB0BE7 /* SyncedLists */;
			targetProxy = 3889E7711F957A9C00FB0BE7 /* PBXContainerItemProxy */;
		};
/* End PBXTargetDependency section */

/* Begin PBXVariantGroup section */
		3889E7551F957A9C00FB0BE7 /* Main.storyboard */ = {
			isa = PBXVariantGroup;
			children = (
				3889E7561F957A9C00FB0BE7 /* Base */,
			);
			name = Main.storyboard;
			sourceTree = "<group>";
		};
		3889E75D1F957A9C00FB0BE7 /* LaunchScreen.storyboard */ = {
			isa = PBXVariantGroup;
			children = (
				3889E75E1F957A9C00FB0BE7 /* Base */,
			);
			name = LaunchScreen.storyboard;
			sourceTree = "<group>";
		};
/* End PBXVariantGroup section */

/* Begin XCBuildConfiguration section */
		3889E7771F957A9C00FB0BE7 /* Debug */ = {
			isa = XCBuildConfiguration;
			buildSettings = {
				ALWAYS_SEARCH_USER_PATHS = NO;
				CLANG_ANALYZER_NONNULL = YES;
				CLANG_ANALYZER_NUMBER_OBJECT_CONVERSION = YES_AGGRESSIVE;
				CLANG_CXX_LANGUAGE_STANDARD = "gnu++14";
				CLANG_CXX_LIBRARY = "libc++";
				CLANG_ENABLE_MODULES = YES;
				CLANG_ENABLE_OBJC_ARC = YES;
				CLANG_WARN_BLOCK_CAPTURE_AUTORELEASING = YES;
				CLANG_WARN_BOOL_CONVERSION = YES;
				CLANG_WARN_COMMA = YES;
				CLANG_WARN_CONSTANT_CONVERSION = YES;
				CLANG_WARN_DIRECT_OBJC_ISA_USAGE = YES_ERROR;
				CLANG_WARN_DOCUMENTATION_COMMENTS = YES;
				CLANG_WARN_EMPTY_BODY = YES;
				CLANG_WARN_ENUM_CONVERSION = YES;
				CLANG_WARN_INFINITE_RECURSION = YES;
				CLANG_WARN_INT_CONVERSION = YES;
				CLANG_WARN_NON_LITERAL_NULL_CONVERSION = YES;
				CLANG_WARN_OBJC_LITERAL_CONVERSION = YES;
				CLANG_WARN_OBJC_ROOT_CLASS = YES_ERROR;
				CLANG_WARN_RANGE_LOOP_ANALYSIS = YES;
				CLANG_WARN_STRICT_PROTOTYPES = YES;
				CLANG_WARN_SUSPICIOUS_MOVE = YES;
				CLANG_WARN_UNGUARDED_AVAILABILITY = YES_AGGRESSIVE;
				CLANG_WARN_UNREACHABLE_CODE = YES;
				CLANG_WARN__DUPLICATE_METHOD_MATCH = YES;
				CODE_SIGN_IDENTITY = "iPhone Developer";
				COPY_PHASE_STRIP = NO;
				DEBUG_INFORMATION_FORMAT = dwarf;
				ENABLE_STRICT_OBJC_MSGSEND = YES;
				ENABLE_TESTABILITY = YES;
				GCC_C_LANGUAGE_STANDARD = gnu11;
				GCC_DYNAMIC_NO_PIC = NO;
				GCC_NO_COMMON_BLOCKS = YES;
				GCC_OPTIMIZATION_LEVEL = 0;
				GCC_PREPROCESSOR_DEFINITIONS = (
					"DEBUG=1",
					"$(inherited)",
				);
				GCC_WARN_64_TO_32_BIT_CONVERSION = YES;
				GCC_WARN_ABOUT_RETURN_TYPE = YES_ERROR;
				GCC_WARN_UNDECLARED_SELECTOR = YES;
				GCC_WARN_UNINITIALIZED_AUTOS = YES_AGGRESSIVE;
				GCC_WARN_UNUSED_FUNCTION = YES;
				GCC_WARN_UNUSED_VARIABLE = YES;
				IPHONEOS_DEPLOYMENT_TARGET = 11.0;
				MTL_ENABLE_DEBUG_INFO = YES;
				ONLY_ACTIVE_ARCH = YES;
				SDKROOT = iphoneos;
				SWIFT_ACTIVE_COMPILATION_CONDITIONS = DEBUG;
				SWIFT_OPTIMIZATION_LEVEL = "-Onone";
				SWIFT_VERSION = 4.0;
			};
			name = Debug;
		};
		3889E7781F957A9C00FB0BE7 /* Release */ = {
			isa = XCBuildConfiguration;
			buildSettings = {
				ALWAYS_SEARCH_USER_PATHS = NO;
				CLANG_ANALYZER_NONNULL = YES;
				CLANG_ANALYZER_NUMBER_OBJECT_CONVERSION = YES_AGGRESSIVE;
				CLANG_CXX_LANGUAGE_STANDARD = "gnu++14";
				CLANG_CXX_LIBRARY = "libc++";
				CLANG_ENABLE_MODULES = YES;
				CLANG_ENABLE_OBJC_ARC = YES;
				CLANG_WARN_BLOCK_CAPTURE_AUTORELEASING = YES;
				CLANG_WARN_BOOL_CONVERSION = YES;
				CLANG_WARN_COMMA = YES;
				CLANG_WARN_CONSTANT_CONVERSION = YES;
				CLANG_WARN_DIRECT_OBJC_ISA_USAGE = YES_ERROR;
				CLANG_WARN_DOCUMENTATION_COMMENTS = YES;
				CLANG_WARN_EMPTY_BODY = YES;
				CLANG_WARN_ENUM_CONVERSION = YES;
				CLANG_WARN_INFINITE_RECURSION = YES;
				CLANG_WARN_INT_CONVERSION = YES;
				CLANG_WARN_NON_LITERAL_NULL_CONVERSION = YES;
				CLANG_WARN_OBJC_LITERAL_CONVERSION = YES;
				CLANG_WARN_OBJC_ROOT_CLASS = YES_ERROR;
				CLANG_WARN_RANGE_LOOP_ANALYSIS = YES;
				CLANG_WARN_STRICT_PROTOTYPES = YES;
				CLANG_WARN_SUSPICIOUS_MOVE = YES;
				CLANG_WARN_UNGUARDED_AVAILABILITY = YES_AGGRESSIVE;
				CLANG_WARN_UNREACHABLE_CODE = YES;
				CLANG_WARN__DUPLICATE_METHOD_MATCH = YES;
				CODE_SIGN_IDENTITY = "iPhone Developer";
				COPY_PHASE_STRIP = NO;
				DEBUG_INFORMATION_FORMAT = "dwarf-with-dsym";
				ENABLE_NS_ASSERTIONS = NO;
				ENABLE_STRICT_OBJC_MSGSEND = YES;
				GCC_C_LANGUAGE_STANDARD = gnu11;
				GCC_NO_COMMON_BLOCKS = YES;
				GCC_WARN_64_TO_32_BIT_CONVERSION = YES;
				GCC_WARN_ABOUT_RETURN_TYPE = YES_ERROR;
				GCC_WARN_UNDECLARED_SELECTOR = YES;
				GCC_WARN_UNINITIALIZED_AUTOS = YES_AGGRESSIVE;
				GCC_WARN_UNUSED_FUNCTION = YES;
				GCC_WARN_UNUSED_VARIABLE = YES;
				IPHONEOS_DEPLOYMENT_TARGET = 11.0;
				MTL_ENABLE_DEBUG_INFO = NO;
				SDKROOT = iphoneos;
				SWIFT_OPTIMIZATION_LEVEL = "-Owholemodule";
				SWIFT_VERSION = 4.0;
				VALIDATE_PRODUCT = YES;
			};
			name = Release;
		};
		3889E77A1F957A9C00FB0BE7 /* Debug */ = {
			isa = XCBuildConfiguration;
			baseConfigurationReference = 02F428BE4781EB9FB3831797 /* Pods-SyncedLists.debug.xcconfig */;
			buildSettings = {
				ASSETCATALOG_COMPILER_APPICON_NAME = AppIcon;
				CODE_SIGN_ENTITLEMENTS = SyncedLists/SyncedLists.entitlements;
				CODE_SIGN_STYLE = Automatic;
				DEVELOPMENT_TEAM = 4NGAU6Y3VC;
				INFOPLIST_FILE = "$(SRCROOT)/SyncedLists/Supporting Files/Info.plist";
				LD_RUNPATH_SEARCH_PATHS = "$(inherited) @executable_path/Frameworks";
				PRODUCT_BUNDLE_IDENTIFIER = com.krlargo.syncedlists;
				PRODUCT_NAME = "$(TARGET_NAME)";
				SWIFT_VERSION = 4.0;
				TARGETED_DEVICE_FAMILY = 1;
			};
			name = Debug;
		};
		3889E77B1F957A9C00FB0BE7 /* Release */ = {
			isa = XCBuildConfiguration;
			baseConfigurationReference = 3B9ED14D569637D68FA7B18A /* Pods-SyncedLists.release.xcconfig */;
			buildSettings = {
				ASSETCATALOG_COMPILER_APPICON_NAME = AppIcon;
				CODE_SIGN_ENTITLEMENTS = SyncedLists/SyncedLists.entitlements;
				CODE_SIGN_STYLE = Automatic;
				DEVELOPMENT_TEAM = 4NGAU6Y3VC;
				INFOPLIST_FILE = "$(SRCROOT)/SyncedLists/Supporting Files/Info.plist";
				LD_RUNPATH_SEARCH_PATHS = "$(inherited) @executable_path/Frameworks";
				PRODUCT_BUNDLE_IDENTIFIER = com.krlargo.syncedlists;
				PRODUCT_NAME = "$(TARGET_NAME)";
				SWIFT_VERSION = 4.0;
				TARGETED_DEVICE_FAMILY = 1;
			};
			name = Release;
		};
		3889E77D1F957A9C00FB0BE7 /* Debug */ = {
			isa = XCBuildConfiguration;
			baseConfigurationReference = 23620DF085DFA26351F4B182 /* Pods-SyncedListsTests.debug.xcconfig */;
			buildSettings = {
				ALWAYS_EMBED_SWIFT_STANDARD_LIBRARIES = YES;
				BUNDLE_LOADER = "$(TEST_HOST)";
				CODE_SIGN_STYLE = Automatic;
				DEVELOPMENT_TEAM = 4NGAU6Y3VC;
				INFOPLIST_FILE = SyncedListsTests/Info.plist;
				LD_RUNPATH_SEARCH_PATHS = "$(inherited) @executable_path/Frameworks @loader_path/Frameworks";
				PRODUCT_BUNDLE_IDENTIFIER = com.krlargo.SyncedListsTests;
				PRODUCT_NAME = "$(TARGET_NAME)";
				SWIFT_VERSION = 4.0;
				TARGETED_DEVICE_FAMILY = "1,2";
				TEST_HOST = "$(BUILT_PRODUCTS_DIR)/SyncedLists.app/SyncedLists";
			};
			name = Debug;
		};
		3889E77E1F957A9C00FB0BE7 /* Release */ = {
			isa = XCBuildConfiguration;
			baseConfigurationReference = E11332E264FF6D4B6C090B6E /* Pods-SyncedListsTests.release.xcconfig */;
			buildSettings = {
				ALWAYS_EMBED_SWIFT_STANDARD_LIBRARIES = YES;
				BUNDLE_LOADER = "$(TEST_HOST)";
				CODE_SIGN_STYLE = Automatic;
				DEVELOPMENT_TEAM = 4NGAU6Y3VC;
				INFOPLIST_FILE = SyncedListsTests/Info.plist;
				LD_RUNPATH_SEARCH_PATHS = "$(inherited) @executable_path/Frameworks @loader_path/Frameworks";
				PRODUCT_BUNDLE_IDENTIFIER = com.krlargo.SyncedListsTests;
				PRODUCT_NAME = "$(TARGET_NAME)";
				SWIFT_VERSION = 4.0;
				TARGETED_DEVICE_FAMILY = "1,2";
				TEST_HOST = "$(BUILT_PRODUCTS_DIR)/SyncedLists.app/SyncedLists";
			};
			name = Release;
		};
		3889E7801F957A9C00FB0BE7 /* Debug */ = {
			isa = XCBuildConfiguration;
			baseConfigurationReference = 5597E6A1387356E387124941 /* Pods-SyncedListsUITests.debug.xcconfig */;
			buildSettings = {
				ALWAYS_EMBED_SWIFT_STANDARD_LIBRARIES = YES;
				CODE_SIGN_STYLE = Automatic;
				DEVELOPMENT_TEAM = 4NGAU6Y3VC;
				INFOPLIST_FILE = SyncedListsUITests/Info.plist;
				LD_RUNPATH_SEARCH_PATHS = "$(inherited) @executable_path/Frameworks @loader_path/Frameworks";
				PRODUCT_BUNDLE_IDENTIFIER = com.krlargo.SyncedListsUITests;
				PRODUCT_NAME = "$(TARGET_NAME)";
				SWIFT_VERSION = 4.0;
				TARGETED_DEVICE_FAMILY = "1,2";
				TEST_TARGET_NAME = SyncedLists;
			};
			name = Debug;
		};
		3889E7811F957A9C00FB0BE7 /* Release */ = {
			isa = XCBuildConfiguration;
			baseConfigurationReference = BB22A6B4DD655134C0FD20AB /* Pods-SyncedListsUITests.release.xcconfig */;
			buildSettings = {
				ALWAYS_EMBED_SWIFT_STANDARD_LIBRARIES = YES;
				CODE_SIGN_STYLE = Automatic;
				DEVELOPMENT_TEAM = 4NGAU6Y3VC;
				INFOPLIST_FILE = SyncedListsUITests/Info.plist;
				LD_RUNPATH_SEARCH_PATHS = "$(inherited) @executable_path/Frameworks @loader_path/Frameworks";
				PRODUCT_BUNDLE_IDENTIFIER = com.krlargo.SyncedListsUITests;
				PRODUCT_NAME = "$(TARGET_NAME)";
				SWIFT_VERSION = 4.0;
				TARGETED_DEVICE_FAMILY = "1,2";
				TEST_TARGET_NAME = SyncedLists;
			};
			name = Release;
		};
/* End XCBuildConfiguration section */

/* Begin XCConfigurationList section */
		3889E7491F957A9C00FB0BE7 /* Build configuration list for PBXProject "SyncedLists" */ = {
			isa = XCConfigurationList;
			buildConfigurations = (
				3889E7771F957A9C00FB0BE7 /* Debug */,
				3889E7781F957A9C00FB0BE7 /* Release */,
			);
			defaultConfigurationIsVisible = 0;
			defaultConfigurationName = Release;
		};
		3889E7791F957A9C00FB0BE7 /* Build configuration list for PBXNativeTarget "SyncedLists" */ = {
			isa = XCConfigurationList;
			buildConfigurations = (
				3889E77A1F957A9C00FB0BE7 /* Debug */,
				3889E77B1F957A9C00FB0BE7 /* Release */,
			);
			defaultConfigurationIsVisible = 0;
			defaultConfigurationName = Release;
		};
		3889E77C1F957A9C00FB0BE7 /* Build configuration list for PBXNativeTarget "SyncedListsTests" */ = {
			isa = XCConfigurationList;
			buildConfigurations = (
				3889E77D1F957A9C00FB0BE7 /* Debug */,
				3889E77E1F957A9C00FB0BE7 /* Release */,
			);
			defaultConfigurationIsVisible = 0;
			defaultConfigurationName = Release;
		};
		3889E77F1F957A9C00FB0BE7 /* Build configuration list for PBXNativeTarget "SyncedListsUITests" */ = {
			isa = XCConfigurationList;
			buildConfigurations = (
				3889E7801F957A9C00FB0BE7 /* Debug */,
				3889E7811F957A9C00FB0BE7 /* Release */,
			);
			defaultConfigurationIsVisible = 0;
			defaultConfigurationName = Release;
		};
/* End XCConfigurationList section */
	};
	rootObject = 3889E7461F957A9C00FB0BE7 /* Project object */;
}
